{
  "name": "2113ic.github.io",
  "version": "0.0.1",
  "lockfileVersion": 1,
  "requires": true,
  "dependencies": {
    "fleetjs": {
      "version": "0.1.3",
      "resolved": "https://registry.npmjs.org/fleetjs/-/fleetjs-0.1.3.tgz",
      "integrity": "sha512-UDZQ42oiKX4+/4N9Q9Ggj2c6fycr0VOsUXHngIBJesUogfxfexECGZWNOzfiz7KWW0aFq6MD6SLRQxMYRr5xnA=="
    }
  }
}
