{
  "name": "2113ic.github.io",
  "version": "0.0.1",
  "lockfileVersion": 1,
  "requires": true,
  "dependencies": {
    "fleetjs": {
      "version": "0.1.6",
      "resolved": "https://registry.npmjs.org/fleetjs/-/fleetjs-0.1.6.tgz",
      "integrity": "sha512-myddM99etmCtrIlM7aNBAB6WZ1dE++xrDQOlaU7q9V6eD8gn0s16s5UKuxlOVHcxshD4dqLvAv357mpyLkIQBw=="
    }
  }
}
